
Microsoft Visual Studio Solution File, Format Version 12.00
# Visual Studio Version 17
VisualStudioVersion = 17.1.32328.378
MinimumVisualStudioVersion = 10.0.40219.1
Project("{9A19103F-16F7-4668-BE54-9A1E7A4F7556}") = "Battlefield rich presence", "Battlefield rich presence\Battlefield rich presence.csproj", "{C4714C39-39F4-47F9-9874-74A6CB2F59E6}"
EndProject
Global
	GlobalSection(SolutionConfigurationPlatforms) = preSolution
		Debug|Any CPU = Debug|Any CPU
		Debug|x64 = Debug|x64
		Release|Any CPU = Release|Any CPU
		Release|x64 = Release|x64
	EndGlobalSection
	GlobalSection(ProjectConfigurationPlatforms) = postSolution
		{C4714C39-39F4-47F9-9874-74A6CB2F59E6}.Debug|Any CPU.ActiveCfg = Debug|Any CPU
		{C4714C39-39F4-47F9-9874-74A6CB2F59E6}.Debug|Any CPU.Build.0 = Debug|Any CPU
		{C4714C39-39F4-47F9-9874-74A6CB2F59E6}.Debug|x64.ActiveCfg = Release|x64
		{C4714C39-39F4-47F9-9874-74A6CB2F59E6}.Debug|x64.Build.0 = Release|x64
		{C4714C39-39F4-47F9-9874-74A6CB2F59E6}.Release|Any CPU.ActiveCfg = Release|Any CPU
		{C4714C39-39F4-47F9-9874-74A6CB2F59E6}.Release|Any CPU.Build.0 = Release|Any CPU
		{C4714C39-39F4-47F9-9874-74A6CB2F59E6}.Release|x64.ActiveCfg = Release|Any CPU
		{C4714C39-39F4-47F9-9874-74A6CB2F59E6}.Release|x64.Build.0 = Release|Any CPU
	EndGlobalSection
	GlobalSection(SolutionProperties) = preSolution
		HideSolutionNode = FALSE
	EndGlobalSection
	GlobalSection(ExtensibilityGlobals) = postSolution
		SolutionGuid = {50934AB1-86C3-4DE8-B822-2E710B01D0DB}
	EndGlobalSection
EndGlobal
